<?xml version="1.0" encoding="utf-8"?>
<Project ToolsVersion="4.0" xmlns="http://schemas.microsoft.com/developer/msbuild/2003">
  <ItemGroup>
    <ClInclude Include="eudc.tab.hpp" />
    <ClInclude Include="murmurhash3.h" />
    <ClInclude Include="type.h" />
    <ClInclude Include="operation.h" />
    <ClInclude Include="gc.h" />
    <ClInclude Include="variable.h" />
    <ClInclude Include="program.h" />
  </ItemGroup>
  <ItemGroup>
    <ClCompile Include="main.cpp" />
    <ClCompile Include="eudc.tab.cpp" />
    <ClCompile Include="lex.yy.cpp" />
    <ClCompile Include="murmurhash3.cpp" />
    <ClCompile Include="type.cpp" />
  </ItemGroup>
  <ItemGroup>
    <CustomBuild Include="eudc.l" />
    <CustomBuild Include="eudc.y" />
  </ItemGroup>
  <ItemGroup>
    <Text Include="abidesign.txt" />
  </ItemGroup>
</Project>